
Microsoft Visual Studio Solution File, Format Version 12.00
Project("{FAE04EC0-301F-11D3-BF4B-00C04F79EFBC}") = "LogAnalyzerApi", "LogAnalyzerApi\LogAnalyzerApi.csproj", "{5A0A4A56-C1F9-4FE8-8D28-B82F7531A96D}"
EndProject
Project("{FAE04EC0-301F-11D3-BF4B-00C04F79EFBC}") = "LogAnalyzerData", "LogAnalyzerData\LogAnalyzerData.csproj", "{F1EAC4D8-A353-4FCE-A963-F0A1D18FD2A1}"
EndProject
Project("{FAE04EC0-301F-11D3-BF4B-00C04F79EFBC}") = "LogAnalyzerBusiness", "LogAnalyzerBusiness\LogAnalyzerBusiness.csproj", "{F2F900F6-D23B-4397-AB30-4219D5005B1F}"
EndProject
Global
	GlobalSection(SolutionConfigurationPlatforms) = preSolution
		Debug|Any CPU = Debug|Any CPU
		Release|Any CPU = Release|Any CPU
	EndGlobalSection
	GlobalSection(ProjectConfigurationPlatforms) = postSolution
		{5A0A4A56-C1F9-4FE8-8D28-B82F7531A96D}.Debug|Any CPU.ActiveCfg = Debug|Any CPU
		{5A0A4A56-C1F9-4FE8-8D28-B82F7531A96D}.Debug|Any CPU.Build.0 = Debug|Any CPU
		{5A0A4A56-C1F9-4FE8-8D28-B82F7531A96D}.Release|Any CPU.ActiveCfg = Release|Any CPU
		{5A0A4A56-C1F9-4FE8-8D28-B82F7531A96D}.Release|Any CPU.Build.0 = Release|Any CPU
		{F1EAC4D8-A353-4FCE-A963-F0A1D18FD2A1}.Debug|Any CPU.ActiveCfg = Debug|Any CPU
		{F1EAC4D8-A353-4FCE-A963-F0A1D18FD2A1}.Debug|Any CPU.Build.0 = Debug|Any CPU
		{F1EAC4D8-A353-4FCE-A963-F0A1D18FD2A1}.Release|Any CPU.ActiveCfg = Release|Any CPU
		{F1EAC4D8-A353-4FCE-A963-F0A1D18FD2A1}.Release|Any CPU.Build.0 = Release|Any CPU
		{F2F900F6-D23B-4397-AB30-4219D5005B1F}.Debug|Any CPU.ActiveCfg = Debug|Any CPU
		{F2F900F6-D23B-4397-AB30-4219D5005B1F}.Debug|Any CPU.Build.0 = Debug|Any CPU
		{F2F900F6-D23B-4397-AB30-4219D5005B1F}.Release|Any CPU.ActiveCfg = Release|Any CPU
		{F2F900F6-D23B-4397-AB30-4219D5005B1F}.Release|Any CPU.Build.0 = Release|Any CPU
	EndGlobalSection
EndGlobal
